{
  "name": "hashsports",
  "version": "1.0.0",
  "lockfileVersion": 2,
  "requires": true,
  "packages": {
    "": {
      "version": "1.0.0",
      "license": "ISC",
      "dependencies": {
        "@stripe/stripe-js": "^1.17.1"
      }
    },
    "node_modules/@stripe/stripe-js": {
      "version": "1.17.1",
      "resolved": "https://registry.npmjs.org/@stripe/stripe-js/-/stripe-js-1.17.1.tgz",
      "integrity": "sha512-c9MyDvdi5Xou0j0JPNy86NebtTDfh9o62Ifuzx6GSm2YO0oedBpy51WSyOue2L8Fb+mqESS5gd6mGVEIPUnXsA=="
    }
  },
  "dependencies": {
    "@stripe/stripe-js": {
      "version": "1.17.1",
      "resolved": "https://registry.npmjs.org/@stripe/stripe-js/-/stripe-js-1.17.1.tgz",
      "integrity": "sha512-c9MyDvdi5Xou0j0JPNy86NebtTDfh9o62Ifuzx6GSm2YO0oedBpy51WSyOue2L8Fb+mqESS5gd6mGVEIPUnXsA=="
    }
  }
}
